
Microsoft Visual Studio Solution File, Format Version 12.00
# Visual Studio Version 17
VisualStudioVersion = 17.2.32630.192
MinimumVisualStudioVersion = 10.0.40219.1
Project("{FAE04EC0-301F-11D3-BF4B-00C04F79EFBC}") = "Clase25", "Clase25\Clase25.csproj", "{0099567D-138D-45BC-96F1-04E5C8B7C711}"
EndProject
Global
	GlobalSection(SolutionConfigurationPlatforms) = preSolution
		Debug|Any CPU = Debug|Any CPU
		Release|Any CPU = Release|Any CPU
	EndGlobalSection
	GlobalSection(ProjectConfigurationPlatforms) = postSolution
		{0099567D-138D-45BC-96F1-04E5C8B7C711}.Debug|Any CPU.ActiveCfg = Debug|Any CPU
		{0099567D-138D-45BC-96F1-04E5C8B7C711}.Debug|Any CPU.Build.0 = Debug|Any CPU
		{0099567D-138D-45BC-96F1-04E5C8B7C711}.Release|Any CPU.ActiveCfg = Release|Any CPU
		{0099567D-138D-45BC-96F1-04E5C8B7C711}.Release|Any CPU.Build.0 = Release|Any CPU
	EndGlobalSection
	GlobalSection(SolutionProperties) = preSolution
		HideSolutionNode = FALSE
	EndGlobalSection
	GlobalSection(ExtensibilityGlobals) = postSolution
		SolutionGuid = {64458175-B9D5-421A-9794-891474B2B527}
	EndGlobalSection
EndGlobal
